
Microsoft Visual Studio Solution File, Format Version 12.00
# Visual Studio Version 16
VisualStudioVersion = 16.0.30907.101
MinimumVisualStudioVersion = 10.0.40219.1
Project("{FAE04EC0-301F-11D3-BF4B-00C04F79EFBC}") = "Organogram", "Organogram\Organogram.csproj", "{69481BED-E235-4E61-9BAD-5F5AA33BE518}"
EndProject
Global
	GlobalSection(SolutionConfigurationPlatforms) = preSolution
		Debug|Any CPU = Debug|Any CPU
		Release|Any CPU = Release|Any CPU
	EndGlobalSection
	GlobalSection(ProjectConfigurationPlatforms) = postSolution
		{69481BED-E235-4E61-9BAD-5F5AA33BE518}.Debug|Any CPU.ActiveCfg = Debug|Any CPU
		{69481BED-E235-4E61-9BAD-5F5AA33BE518}.Debug|Any CPU.Build.0 = Debug|Any CPU
		{69481BED-E235-4E61-9BAD-5F5AA33BE518}.Release|Any CPU.ActiveCfg = Release|Any CPU
		{69481BED-E235-4E61-9BAD-5F5AA33BE518}.Release|Any CPU.Build.0 = Release|Any CPU
	EndGlobalSection
	GlobalSection(SolutionProperties) = preSolution
		HideSolutionNode = FALSE
	EndGlobalSection
	GlobalSection(ExtensibilityGlobals) = postSolution
		SolutionGuid = {9520A90A-49C7-410B-ACB0-1E9B738919DF}
	EndGlobalSection
EndGlobal
